
Microsoft Visual Studio Solution File, Format Version 12.00
# Visual Studio 15
VisualStudioVersion = 15.0.28307.852
MinimumVisualStudioVersion = 10.0.40219.1
Project("{8BC9CEB8-8B4A-11D0-8D11-00A0C91BC942}") = "_OO_1_Library", "OopC\_OO_1_Library\_OO_1_Library.vcxproj", "{2A48588A-6138-4316-BF1A-1750BCE2F107}"
EndProject
Project("{8BC9CEB8-8B4A-11D0-8D11-00A0C91BC942}") = "_OO_2_Encapsulation", "OopC\_OO_2_Encapsulation\_OO_2_Encapsulation.vcxproj", "{775F823D-389A-4B32-84E7-AA463EF1E4F2}"
	ProjectSection(ProjectDependencies) = postProject
		{2A48588A-6138-4316-BF1A-1750BCE2F107} = {2A48588A-6138-4316-BF1A-1750BCE2F107}
	EndProjectSection
EndProject
Project("{8BC9CEB8-8B4A-11D0-8D11-00A0C91BC942}") = "_OO_3_Inheritance", "OopC\_OO_3_Inheritance\_OO_3_Inheritance.vcxproj", "{027320BF-0A87-4BA7-9110-B9BB62D487C6}"
	ProjectSection(ProjectDependencies) = postProject
		{2A48588A-6138-4316-BF1A-1750BCE2F107} = {2A48588A-6138-4316-BF1A-1750BCE2F107}
	EndProjectSection
EndProject
Project("{8BC9CEB8-8B4A-11D0-8D11-00A0C91BC942}") = "_OO_4_Polymorphism", "OopC\_OO_4_Polymorphism\_OO_4_Polymorphism.vcxproj", "{69EE5CEC-21F6-43E1-9A79-67716419499A}"
	ProjectSection(ProjectDependencies) = postProject
		{2A48588A-6138-4316-BF1A-1750BCE2F107} = {2A48588A-6138-4316-BF1A-1750BCE2F107}
	EndProjectSection
EndProject
Project("{8BC9CEB8-8B4A-11D0-8D11-00A0C91BC942}") = "_DP_1_Creational_SimpleFactorySample", "OopC\_DP_1_Creational_SimpleFactorySample\_DP_1_Creational_SimpleFactorySample.vcxproj", "{CDF3127B-90C5-45D2-952F-87A2C279C86C}"
	ProjectSection(ProjectDependencies) = postProject
		{2A48588A-6138-4316-BF1A-1750BCE2F107} = {2A48588A-6138-4316-BF1A-1750BCE2F107}
	EndProjectSection
EndProject
Project("{8BC9CEB8-8B4A-11D0-8D11-00A0C91BC942}") = "_DP_2_Creational_FactoryMethodSample", "OopC\_DP_2_Creational_FactoryMethodSample\_DP_2_Creational_FactoryMethodSample.vcxproj", "{1FB847F8-B486-4B84-B406-4C12157D4E2A}"
	ProjectSection(ProjectDependencies) = postProject
		{2A48588A-6138-4316-BF1A-1750BCE2F107} = {2A48588A-6138-4316-BF1A-1750BCE2F107}
	EndProjectSection
EndProject
Project("{8BC9CEB8-8B4A-11D0-8D11-00A0C91BC942}") = "_DP_3_Creational_AbstractFactorySample", "OopC\_DP_3_Creational_AbstractFactorySample\_DP_3_Creational_AbstractFactorySample.vcxproj", "{8D3C49C9-3798-47C2-A906-B70F171921DF}"
	ProjectSection(ProjectDependencies) = postProject
		{2A48588A-6138-4316-BF1A-1750BCE2F107} = {2A48588A-6138-4316-BF1A-1750BCE2F107}
	EndProjectSection
EndProject
Project("{8BC9CEB8-8B4A-11D0-8D11-00A0C91BC942}") = "_DP_4_Creational_BuilderSample", "OopC\_DP_4_Creational_BuilderSample\_DP_4_Creational_BuilderSample.vcxproj", "{D2242F52-9E46-4205-AC6B-12DA3FDA89FA}"
EndProject
Project("{FAE04EC0-301F-11D3-BF4B-00C04F79EFBC}") = "_TL_1_OopCClassGenerator", "OopC\_TL_1_OopCClassGenerator\_TL_1_OopCClassGenerator.csproj", "{F37C6631-4C44-41A9-9F34-B47A8CCF63D5}"
EndProject
Project("{8BC9CEB8-8B4A-11D0-8D11-00A0C91BC942}") = "_DP_5_Creational_SingletonSample", "OopC\_DP_5_Creational_SingletonSample\_DP_5_Creational_SingletonSample.vcxproj", "{59A06C59-90FA-4771-BCE3-BED876865D2B}"
EndProject
Project("{54435603-DBB4-11D2-8724-00A0C9A8B90C}") = "_TL_2_GeneratorSetup", "OopC\_TL_2_GeneratorSetup\_TL_2_GeneratorSetup.vdproj", "{2EDE4818-991E-450D-A1B1-A0BA40D8B07A}"
EndProject
Project("{8BC9CEB8-8B4A-11D0-8D11-00A0C91BC942}") = "_DP_6_Structural_AdapterSample", "OopC\_DP_6_Structural_AdapterSample\_DP_6_Structural_AdapterSample.vcxproj", "{00FED5C0-6876-4C0F-8E6D-5FEB5AFB0CCF}"
EndProject
Project("{8BC9CEB8-8B4A-11D0-8D11-00A0C91BC942}") = "_DP_7_Structural_BridgeSample", "OopC\_DP_7_Structural_BridgeSample\_DP_7_Structural_BridgeSample.vcxproj", "{9BF74388-ABDC-4825-BC10-C822E040BE06}"
EndProject
Project("{8BC9CEB8-8B4A-11D0-8D11-00A0C91BC942}") = "_LB_1_File", "OopC\_LB_1_File\_LB_1_File.vcxproj", "{9C193195-A0E4-41D6-9EFB-586156352D6F}"
	ProjectSection(ProjectDependencies) = postProject
		{2A48588A-6138-4316-BF1A-1750BCE2F107} = {2A48588A-6138-4316-BF1A-1750BCE2F107}
	EndProjectSection
EndProject
Project("{8BC9CEB8-8B4A-11D0-8D11-00A0C91BC942}") = "_LB_2_IO", "OopC\_LB_2_IO\_LB_2_IO.vcxproj", "{C92FD18A-6567-4C64-8BA6-A8B6D8F70363}"
	ProjectSection(ProjectDependencies) = postProject
		{2A48588A-6138-4316-BF1A-1750BCE2F107} = {2A48588A-6138-4316-BF1A-1750BCE2F107}
	EndProjectSection
EndProject
Project("{8BC9CEB8-8B4A-11D0-8D11-00A0C91BC942}") = "_LB_3_Net", "OopC\_LB_3_Net\_LB_3_Net.vcxproj", "{4F3ECB8A-A565-4B3B-89AC-D887F49C783B}"
	ProjectSection(ProjectDependencies) = postProject
		{2A48588A-6138-4316-BF1A-1750BCE2F107} = {2A48588A-6138-4316-BF1A-1750BCE2F107}
	EndProjectSection
EndProject
Project("{8BC9CEB8-8B4A-11D0-8D11-00A0C91BC942}") = "_LB_4_Collection", "OopC\_LB_4_Collection\_LB_4_Collection.vcxproj", "{1854FFF8-92FF-4408-8436-44F704443EB2}"
	ProjectSection(ProjectDependencies) = postProject
		{2A48588A-6138-4316-BF1A-1750BCE2F107} = {2A48588A-6138-4316-BF1A-1750BCE2F107}
	EndProjectSection
EndProject
Project("{8BC9CEB8-8B4A-11D0-8D11-00A0C91BC942}") = "_LB_5_Util", "OopC\_LB_5_Util\_LB_5_Util.vcxproj", "{8E597895-DAB1-4ED0-A934-E6173DAA636F}"
	ProjectSection(ProjectDependencies) = postProject
		{2A48588A-6138-4316-BF1A-1750BCE2F107} = {2A48588A-6138-4316-BF1A-1750BCE2F107}
	EndProjectSection
EndProject
Global
	GlobalSection(SolutionConfigurationPlatforms) = preSolution
		Debug|Any CPU = Debug|Any CPU
		Debug|ARM = Debug|ARM
		Debug|ARM64 = Debug|ARM64
		Debug|x64 = Debug|x64
		Debug|x86 = Debug|x86
		Release|Any CPU = Release|Any CPU
		Release|ARM = Release|ARM
		Release|ARM64 = Release|ARM64
		Release|x64 = Release|x64
		Release|x86 = Release|x86
	EndGlobalSection
	GlobalSection(ProjectConfigurationPlatforms) = postSolution
		{2A48588A-6138-4316-BF1A-1750BCE2F107}.Debug|Any CPU.ActiveCfg = Debug|Win32
		{2A48588A-6138-4316-BF1A-1750BCE2F107}.Debug|ARM.ActiveCfg = Debug|Win32
		{2A48588A-6138-4316-BF1A-1750BCE2F107}.Debug|ARM64.ActiveCfg = Debug|Win32
		{2A48588A-6138-4316-BF1A-1750BCE2F107}.Debug|x64.ActiveCfg = Debug|x64
		{2A48588A-6138-4316-BF1A-1750BCE2F107}.Debug|x64.Build.0 = Debug|x64
		{2A48588A-6138-4316-BF1A-1750BCE2F107}.Debug|x86.ActiveCfg = Debug|Win32
		{2A48588A-6138-4316-BF1A-1750BCE2F107}.Debug|x86.Build.0 = Debug|Win32
		{2A48588A-6138-4316-BF1A-1750BCE2F107}.Release|Any CPU.ActiveCfg = Release|Win32
		{2A48588A-6138-4316-BF1A-1750BCE2F107}.Release|ARM.ActiveCfg = Release|Win32
		{2A48588A-6138-4316-BF1A-1750BCE2F107}.Release|ARM64.ActiveCfg = Release|Win32
		{2A48588A-6138-4316-BF1A-1750BCE2F107}.Release|x64.ActiveCfg = Release|x64
		{2A48588A-6138-4316-BF1A-1750BCE2F107}.Release|x64.Build.0 = Release|x64
		{2A48588A-6138-4316-BF1A-1750BCE2F107}.Release|x86.ActiveCfg = Release|Win32
		{2A48588A-6138-4316-BF1A-1750BCE2F107}.Release|x86.Build.0 = Release|Win32
		{775F823D-389A-4B32-84E7-AA463EF1E4F2}.Debug|Any CPU.ActiveCfg = Debug|Win32
		{775F823D-389A-4B32-84E7-AA463EF1E4F2}.Debug|ARM.ActiveCfg = Debug|Win32
		{775F823D-389A-4B32-84E7-AA463EF1E4F2}.Debug|ARM64.ActiveCfg = Debug|Win32
		{775F823D-389A-4B32-84E7-AA463EF1E4F2}.Debug|x64.ActiveCfg = Debug|x64
		{775F823D-389A-4B32-84E7-AA463EF1E4F2}.Debug|x64.Build.0 = Debug|x64
		{775F823D-389A-4B32-84E7-AA463EF1E4F2}.Debug|x86.ActiveCfg = Debug|Win32
		{775F823D-389A-4B32-84E7-AA463EF1E4F2}.Debug|x86.Build.0 = Debug|Win32
		{775F823D-389A-4B32-84E7-AA463EF1E4F2}.Release|Any CPU.ActiveCfg = Release|Win32
		{775F823D-389A-4B32-84E7-AA463EF1E4F2}.Release|ARM.ActiveCfg = Release|Win32
		{775F823D-389A-4B32-84E7-AA463EF1E4F2}.Release|ARM64.ActiveCfg = Release|Win32
		{775F823D-389A-4B32-84E7-AA463EF1E4F2}.Release|x64.ActiveCfg = Release|x64
		{775F823D-389A-4B32-84E7-AA463EF1E4F2}.Release|x64.Build.0 = Release|x64
		{775F823D-389A-4B32-84E7-AA463EF1E4F2}.Release|x86.ActiveCfg = Release|Win32
		{775F823D-389A-4B32-84E7-AA463EF1E4F2}.Release|x86.Build.0 = Release|Win32
		{027320BF-0A87-4BA7-9110-B9BB62D487C6}.Debug|Any CPU.ActiveCfg = Debug|Win32
		{027320BF-0A87-4BA7-9110-B9BB62D487C6}.Debug|ARM.ActiveCfg = Debug|Win32
		{027320BF-0A87-4BA7-9110-B9BB62D487C6}.Debug|ARM64.ActiveCfg = Debug|Win32
		{027320BF-0A87-4BA7-9110-B9BB62D487C6}.Debug|x64.ActiveCfg = Debug|x64
		{027320BF-0A87-4BA7-9110-B9BB62D487C6}.Debug|x64.Build.0 = Debug|x64
		{027320BF-0A87-4BA7-9110-B9BB62D487C6}.Debug|x86.ActiveCfg = Debug|Win32
		{027320BF-0A87-4BA7-9110-B9BB62D487C6}.Debug|x86.Build.0 = Debug|Win32
		{027320BF-0A87-4BA7-9110-B9BB62D487C6}.Release|Any CPU.ActiveCfg = Release|Win32
		{027320BF-0A87-4BA7-9110-B9BB62D487C6}.Release|ARM.ActiveCfg = Release|Win32
		{027320BF-0A87-4BA7-9110-B9BB62D487C6}.Release|ARM64.ActiveCfg = Release|Win32
		{027320BF-0A87-4BA7-9110-B9BB62D487C6}.Release|x64.ActiveCfg = Release|x64
		{027320BF-0A87-4BA7-9110-B9BB62D487C6}.Release|x64.Build.0 = Release|x64
		{027320BF-0A87-4BA7-9110-B9BB62D487C6}.Release|x86.ActiveCfg = Release|Win32
		{027320BF-0A87-4BA7-9110-B9BB62D487C6}.Release|x86.Build.0 = Release|Win32
		{69EE5CEC-21F6-43E1-9A79-67716419499A}.Debug|Any CPU.ActiveCfg = Debug|Win32
		{69EE5CEC-21F6-43E1-9A79-67716419499A}.Debug|ARM.ActiveCfg = Debug|Win32
		{69EE5CEC-21F6-43E1-9A79-67716419499A}.Debug|ARM64.ActiveCfg = Debug|Win32
		{69EE5CEC-21F6-43E1-9A79-67716419499A}.Debug|x64.ActiveCfg = Debug|x64
		{69EE5CEC-21F6-43E1-9A79-67716419499A}.Debug|x64.Build.0 = Debug|x64
		{69EE5CEC-21F6-43E1-9A79-67716419499A}.Debug|x86.ActiveCfg = Debug|Win32
		{69EE5CEC-21F6-43E1-9A79-67716419499A}.Debug|x86.Build.0 = Debug|Win32
		{69EE5CEC-21F6-43E1-9A79-67716419499A}.Release|Any CPU.ActiveCfg = Release|Win32
		{69EE5CEC-21F6-43E1-9A79-67716419499A}.Release|ARM.ActiveCfg = Release|Win32
		{69EE5CEC-21F6-43E1-9A79-67716419499A}.Release|ARM64.ActiveCfg = Release|Win32
		{69EE5CEC-21F6-43E1-9A79-67716419499A}.Release|x64.ActiveCfg = Release|x64
		{69EE5CEC-21F6-43E1-9A79-67716419499A}.Release|x64.Build.0 = Release|x64
		{69EE5CEC-21F6-43E1-9A79-67716419499A}.Release|x86.ActiveCfg = Release|Win32
		{69EE5CEC-21F6-43E1-9A79-67716419499A}.Release|x86.Build.0 = Release|Win32
		{CDF3127B-90C5-45D2-952F-87A2C279C86C}.Debug|Any CPU.ActiveCfg = Debug|Win32
		{CDF3127B-90C5-45D2-952F-87A2C279C86C}.Debug|ARM.ActiveCfg = Debug|Win32
		{CDF3127B-90C5-45D2-952F-87A2C279C86C}.Debug|ARM64.ActiveCfg = Debug|Win32
		{CDF3127B-90C5-45D2-952F-87A2C279C86C}.Debug|x64.ActiveCfg = Debug|x64
		{CDF3127B-90C5-45D2-952F-87A2C279C86C}.Debug|x64.Build.0 = Debug|x64
		{CDF3127B-90C5-45D2-952F-87A2C279C86C}.Debug|x86.ActiveCfg = Debug|Win32
		{CDF3127B-90C5-45D2-952F-87A2C279C86C}.Debug|x86.Build.0 = Debug|Win32
		{CDF3127B-90C5-45D2-952F-87A2C279C86C}.Release|Any CPU.ActiveCfg = Release|Win32
		{CDF3127B-90C5-45D2-952F-87A2C279C86C}.Release|ARM.ActiveCfg = Release|Win32
		{CDF3127B-90C5-45D2-952F-87A2C279C86C}.Release|ARM64.ActiveCfg = Release|Win32
		{CDF3127B-90C5-45D2-952F-87A2C279C86C}.Release|x64.ActiveCfg = Release|x64
		{CDF3127B-90C5-45D2-952F-87A2C279C86C}.Release|x64.Build.0 = Release|x64
		{CDF3127B-90C5-45D2-952F-87A2C279C86C}.Release|x86.ActiveCfg = Release|Win32
		{CDF3127B-90C5-45D2-952F-87A2C279C86C}.Release|x86.Build.0 = Release|Win32
		{1FB847F8-B486-4B84-B406-4C12157D4E2A}.Debug|Any CPU.ActiveCfg = Debug|Win32
		{1FB847F8-B486-4B84-B406-4C12157D4E2A}.Debug|ARM.ActiveCfg = Debug|Win32
		{1FB847F8-B486-4B84-B406-4C12157D4E2A}.Debug|ARM64.ActiveCfg = Debug|Win32
		{1FB847F8-B486-4B84-B406-4C12157D4E2A}.Debug|x64.ActiveCfg = Debug|x64
		{1FB847F8-B486-4B84-B406-4C12157D4E2A}.Debug|x64.Build.0 = Debug|x64
		{1FB847F8-B486-4B84-B406-4C12157D4E2A}.Debug|x86.ActiveCfg = Debug|Win32
		{1FB847F8-B486-4B84-B406-4C12157D4E2A}.Debug|x86.Build.0 = Debug|Win32
		{1FB847F8-B486-4B84-B406-4C12157D4E2A}.Release|Any CPU.ActiveCfg = Release|Win32
		{1FB847F8-B486-4B84-B406-4C12157D4E2A}.Release|ARM.ActiveCfg = Release|Win32
		{1FB847F8-B486-4B84-B406-4C12157D4E2A}.Release|ARM64.ActiveCfg = Release|Win32
		{1FB847F8-B486-4B84-B406-4C12157D4E2A}.Release|x64.ActiveCfg = Release|x64
		{1FB847F8-B486-4B84-B406-4C12157D4E2A}.Release|x64.Build.0 = Release|x64
		{1FB847F8-B486-4B84-B406-4C12157D4E2A}.Release|x86.ActiveCfg = Release|Win32
		{1FB847F8-B486-4B84-B406-4C12157D4E2A}.Release|x86.Build.0 = Release|Win32
		{8D3C49C9-3798-47C2-A906-B70F171921DF}.Debug|Any CPU.ActiveCfg = Debug|Win32
		{8D3C49C9-3798-47C2-A906-B70F171921DF}.Debug|ARM.ActiveCfg = Debug|Win32
		{8D3C49C9-3798-47C2-A906-B70F171921DF}.Debug|ARM64.ActiveCfg = Debug|Win32
		{8D3C49C9-3798-47C2-A906-B70F171921DF}.Debug|x64.ActiveCfg = Debug|x64
		{8D3C49C9-3798-47C2-A906-B70F171921DF}.Debug|x64.Build.0 = Debug|x64
		{8D3C49C9-3798-47C2-A906-B70F171921DF}.Debug|x86.ActiveCfg = Debug|Win32
		{8D3C49C9-3798-47C2-A906-B70F171921DF}.Debug|x86.Build.0 = Debug|Win32
		{8D3C49C9-3798-47C2-A906-B70F171921DF}.Release|Any CPU.ActiveCfg = Release|Win32
		{8D3C49C9-3798-47C2-A906-B70F171921DF}.Release|ARM.ActiveCfg = Release|Win32
		{8D3C49C9-3798-47C2-A906-B70F171921DF}.Release|ARM64.ActiveCfg = Release|Win32
		{8D3C49C9-3798-47C2-A906-B70F171921DF}.Release|x64.ActiveCfg = Release|x64
		{8D3C49C9-3798-47C2-A906-B70F171921DF}.Release|x64.Build.0 = Release|x64
		{8D3C49C9-3798-47C2-A906-B70F171921DF}.Release|x86.ActiveCfg = Release|Win32
		{8D3C49C9-3798-47C2-A906-B70F171921DF}.Release|x86.Build.0 = Release|Win32
		{D2242F52-9E46-4205-AC6B-12DA3FDA89FA}.Debug|Any CPU.ActiveCfg = Debug|Win32
		{D2242F52-9E46-4205-AC6B-12DA3FDA89FA}.Debug|ARM.ActiveCfg = Debug|Win32
		{D2242F52-9E46-4205-AC6B-12DA3FDA89FA}.Debug|ARM64.ActiveCfg = Debug|Win32
		{D2242F52-9E46-4205-AC6B-12DA3FDA89FA}.Debug|x64.ActiveCfg = Debug|x64
		{D2242F52-9E46-4205-AC6B-12DA3FDA89FA}.Debug|x64.Build.0 = Debug|x64
		{D2242F52-9E46-4205-AC6B-12DA3FDA89FA}.Debug|x86.ActiveCfg = Debug|Win32
		{D2242F52-9E46-4205-AC6B-12DA3FDA89FA}.Debug|x86.Build.0 = Debug|Win32
		{D2242F52-9E46-4205-AC6B-12DA3FDA89FA}.Release|Any CPU.ActiveCfg = Release|Win32
		{D2242F52-9E46-4205-AC6B-12DA3FDA89FA}.Release|ARM.ActiveCfg = Release|Win32
		{D2242F52-9E46-4205-AC6B-12DA3FDA89FA}.Release|ARM64.ActiveCfg = Release|Win32
		{D2242F52-9E46-4205-AC6B-12DA3FDA89FA}.Release|x64.ActiveCfg = Release|x64
		{D2242F52-9E46-4205-AC6B-12DA3FDA89FA}.Release|x64.Build.0 = Release|x64
		{D2242F52-9E46-4205-AC6B-12DA3FDA89FA}.Release|x86.ActiveCfg = Release|Win32
		{D2242F52-9E46-4205-AC6B-12DA3FDA89FA}.Release|x86.Build.0 = Release|Win32
		{F37C6631-4C44-41A9-9F34-B47A8CCF63D5}.Debug|Any CPU.ActiveCfg = Debug|Any CPU
		{F37C6631-4C44-41A9-9F34-B47A8CCF63D5}.Debug|Any CPU.Build.0 = Debug|Any CPU
		{F37C6631-4C44-41A9-9F34-B47A8CCF63D5}.Debug|ARM.ActiveCfg = Debug|Any CPU
		{F37C6631-4C44-41A9-9F34-B47A8CCF63D5}.Debug|ARM.Build.0 = Debug|Any CPU
		{F37C6631-4C44-41A9-9F34-B47A8CCF63D5}.Debug|ARM64.ActiveCfg = Debug|Any CPU
		{F37C6631-4C44-41A9-9F34-B47A8CCF63D5}.Debug|ARM64.Build.0 = Debug|Any CPU
		{F37C6631-4C44-41A9-9F34-B47A8CCF63D5}.Debug|x64.ActiveCfg = Debug|Any CPU
		{F37C6631-4C44-41A9-9F34-B47A8CCF63D5}.Debug|x64.Build.0 = Debug|Any CPU
		{F37C6631-4C44-41A9-9F34-B47A8CCF63D5}.Debug|x86.ActiveCfg = Debug|Any CPU
		{F37C6631-4C44-41A9-9F34-B47A8CCF63D5}.Debug|x86.Build.0 = Debug|Any CPU
		{F37C6631-4C44-41A9-9F34-B47A8CCF63D5}.Release|Any CPU.ActiveCfg = Release|Any CPU
		{F37C6631-4C44-41A9-9F34-B47A8CCF63D5}.Release|Any CPU.Build.0 = Release|Any CPU
		{F37C6631-4C44-41A9-9F34-B47A8CCF63D5}.Release|ARM.ActiveCfg = Release|Any CPU
		{F37C6631-4C44-41A9-9F34-B47A8CCF63D5}.Release|ARM.Build.0 = Release|Any CPU
		{F37C6631-4C44-41A9-9F34-B47A8CCF63D5}.Release|ARM64.ActiveCfg = Release|Any CPU
		{F37C6631-4C44-41A9-9F34-B47A8CCF63D5}.Release|ARM64.Build.0 = Release|Any CPU
		{F37C6631-4C44-41A9-9F34-B47A8CCF63D5}.Release|x64.ActiveCfg = Release|Any CPU
		{F37C6631-4C44-41A9-9F34-B47A8CCF63D5}.Release|x64.Build.0 = Release|Any CPU
		{F37C6631-4C44-41A9-9F34-B47A8CCF63D5}.Release|x86.ActiveCfg = Release|Any CPU
		{F37C6631-4C44-41A9-9F34-B47A8CCF63D5}.Release|x86.Build.0 = Release|Any CPU
		{59A06C59-90FA-4771-BCE3-BED876865D2B}.Debug|Any CPU.ActiveCfg = Debug|Win32
		{59A06C59-90FA-4771-BCE3-BED876865D2B}.Debug|ARM.ActiveCfg = Debug|Win32
		{59A06C59-90FA-4771-BCE3-BED876865D2B}.Debug|ARM64.ActiveCfg = Debug|Win32
		{59A06C59-90FA-4771-BCE3-BED876865D2B}.Debug|x64.ActiveCfg = Debug|x64
		{59A06C59-90FA-4771-BCE3-BED876865D2B}.Debug|x64.Build.0 = Debug|x64
		{59A06C59-90FA-4771-BCE3-BED876865D2B}.Debug|x86.ActiveCfg = Debug|Win32
		{59A06C59-90FA-4771-BCE3-BED876865D2B}.Debug|x86.Build.0 = Debug|Win32
		{59A06C59-90FA-4771-BCE3-BED876865D2B}.Release|Any CPU.ActiveCfg = Release|Win32
		{59A06C59-90FA-4771-BCE3-BED876865D2B}.Release|ARM.ActiveCfg = Release|Win32
		{59A06C59-90FA-4771-BCE3-BED876865D2B}.Release|ARM64.ActiveCfg = Release|Win32
		{59A06C59-90FA-4771-BCE3-BED876865D2B}.Release|x64.ActiveCfg = Release|x64
		{59A06C59-90FA-4771-BCE3-BED876865D2B}.Release|x64.Build.0 = Release|x64
		{59A06C59-90FA-4771-BCE3-BED876865D2B}.Release|x86.ActiveCfg = Release|Win32
		{59A06C59-90FA-4771-BCE3-BED876865D2B}.Release|x86.Build.0 = Release|Win32
		{2EDE4818-991E-450D-A1B1-A0BA40D8B07A}.Debug|Any CPU.ActiveCfg = Debug
		{2EDE4818-991E-450D-A1B1-A0BA40D8B07A}.Debug|Any CPU.Build.0 = Debug
		{2EDE4818-991E-450D-A1B1-A0BA40D8B07A}.Debug|ARM.ActiveCfg = Debug
		{2EDE4818-991E-450D-A1B1-A0BA40D8B07A}.Debug|ARM.Build.0 = Debug
		{2EDE4818-991E-450D-A1B1-A0BA40D8B07A}.Debug|ARM64.ActiveCfg = Debug
		{2EDE4818-991E-450D-A1B1-A0BA40D8B07A}.Debug|ARM64.Build.0 = Debug
		{2EDE4818-991E-450D-A1B1-A0BA40D8B07A}.Debug|x64.ActiveCfg = Debug
		{2EDE4818-991E-450D-A1B1-A0BA40D8B07A}.Debug|x64.Build.0 = Debug
		{2EDE4818-991E-450D-A1B1-A0BA40D8B07A}.Debug|x86.ActiveCfg = Debug
		{2EDE4818-991E-450D-A1B1-A0BA40D8B07A}.Debug|x86.Build.0 = Debug
		{2EDE4818-991E-450D-A1B1-A0BA40D8B07A}.Release|Any CPU.ActiveCfg = Release
		{2EDE4818-991E-450D-A1B1-A0BA40D8B07A}.Release|Any CPU.Build.0 = Release
		{2EDE4818-991E-450D-A1B1-A0BA40D8B07A}.Release|ARM.ActiveCfg = Release
		{2EDE4818-991E-450D-A1B1-A0BA40D8B07A}.Release|ARM.Build.0 = Release
		{2EDE4818-991E-450D-A1B1-A0BA40D8B07A}.Release|ARM64.ActiveCfg = Release
		{2EDE4818-991E-450D-A1B1-A0BA40D8B07A}.Release|ARM64.Build.0 = Release
		{2EDE4818-991E-450D-A1B1-A0BA40D8B07A}.Release|x64.ActiveCfg = Release
		{2EDE4818-991E-450D-A1B1-A0BA40D8B07A}.Release|x64.Build.0 = Release
		{2EDE4818-991E-450D-A1B1-A0BA40D8B07A}.Release|x86.ActiveCfg = Release
		{2EDE4818-991E-450D-A1B1-A0BA40D8B07A}.Release|x86.Build.0 = Release
		{00FED5C0-6876-4C0F-8E6D-5FEB5AFB0CCF}.Debug|Any CPU.ActiveCfg = Debug|Win32
		{00FED5C0-6876-4C0F-8E6D-5FEB5AFB0CCF}.Debug|ARM.ActiveCfg = Debug|Win32
		{00FED5C0-6876-4C0F-8E6D-5FEB5AFB0CCF}.Debug|ARM64.ActiveCfg = Debug|Win32
		{00FED5C0-6876-4C0F-8E6D-5FEB5AFB0CCF}.Debug|x64.ActiveCfg = Debug|x64
		{00FED5C0-6876-4C0F-8E6D-5FEB5AFB0CCF}.Debug|x64.Build.0 = Debug|x64
		{00FED5C0-6876-4C0F-8E6D-5FEB5AFB0CCF}.Debug|x86.ActiveCfg = Debug|Win32
		{00FED5C0-6876-4C0F-8E6D-5FEB5AFB0CCF}.Debug|x86.Build.0 = Debug|Win32
		{00FED5C0-6876-4C0F-8E6D-5FEB5AFB0CCF}.Release|Any CPU.ActiveCfg = Release|Win32
		{00FED5C0-6876-4C0F-8E6D-5FEB5AFB0CCF}.Release|ARM.ActiveCfg = Release|Win32
		{00FED5C0-6876-4C0F-8E6D-5FEB5AFB0CCF}.Release|ARM64.ActiveCfg = Release|Win32
		{00FED5C0-6876-4C0F-8E6D-5FEB5AFB0CCF}.Release|x64.ActiveCfg = Release|x64
		{00FED5C0-6876-4C0F-8E6D-5FEB5AFB0CCF}.Release|x64.Build.0 = Release|x64
		{00FED5C0-6876-4C0F-8E6D-5FEB5AFB0CCF}.Release|x86.ActiveCfg = Release|Win32
		{00FED5C0-6876-4C0F-8E6D-5FEB5AFB0CCF}.Release|x86.Build.0 = Release|Win32
		{9BF74388-ABDC-4825-BC10-C822E040BE06}.Debug|Any CPU.ActiveCfg = Debug|Win32
		{9BF74388-ABDC-4825-BC10-C822E040BE06}.Debug|ARM.ActiveCfg = Debug|Win32
		{9BF74388-ABDC-4825-BC10-C822E040BE06}.Debug|ARM64.ActiveCfg = Debug|Win32
		{9BF74388-ABDC-4825-BC10-C822E040BE06}.Debug|x64.ActiveCfg = Debug|x64
		{9BF74388-ABDC-4825-BC10-C822E040BE06}.Debug|x64.Build.0 = Debug|x64
		{9BF74388-ABDC-4825-BC10-C822E040BE06}.Debug|x86.ActiveCfg = Debug|Win32
		{9BF74388-ABDC-4825-BC10-C822E040BE06}.Debug|x86.Build.0 = Debug|Win32
		{9BF74388-ABDC-4825-BC10-C822E040BE06}.Release|Any CPU.ActiveCfg = Release|Win32
		{9BF74388-ABDC-4825-BC10-C822E040BE06}.Release|ARM.ActiveCfg = Release|Win32
		{9BF74388-ABDC-4825-BC10-C822E040BE06}.Release|ARM64.ActiveCfg = Release|Win32
		{9BF74388-ABDC-4825-BC10-C822E040BE06}.Release|x64.ActiveCfg = Release|x64
		{9BF74388-ABDC-4825-BC10-C822E040BE06}.Release|x64.Build.0 = Release|x64
		{9BF74388-ABDC-4825-BC10-C822E040BE06}.Release|x86.ActiveCfg = Release|Win32
		{9BF74388-ABDC-4825-BC10-C822E040BE06}.Release|x86.Build.0 = Release|Win32
		{9C193195-A0E4-41D6-9EFB-586156352D6F}.Debug|Any CPU.ActiveCfg = Debug|Win32
		{9C193195-A0E4-41D6-9EFB-586156352D6F}.Debug|ARM.ActiveCfg = Debug|Win32
		{9C193195-A0E4-41D6-9EFB-586156352D6F}.Debug|ARM64.ActiveCfg = Debug|Win32
		{9C193195-A0E4-41D6-9EFB-586156352D6F}.Debug|x64.ActiveCfg = Debug|x64
		{9C193195-A0E4-41D6-9EFB-586156352D6F}.Debug|x64.Build.0 = Debug|x64
		{9C193195-A0E4-41D6-9EFB-586156352D6F}.Debug|x86.ActiveCfg = Debug|Win32
		{9C193195-A0E4-41D6-9EFB-586156352D6F}.Debug|x86.Build.0 = Debug|Win32
		{9C193195-A0E4-41D6-9EFB-586156352D6F}.Release|Any CPU.ActiveCfg = Release|Win32
		{9C193195-A0E4-41D6-9EFB-586156352D6F}.Release|ARM.ActiveCfg = Release|Win32
		{9C193195-A0E4-41D6-9EFB-586156352D6F}.Release|ARM64.ActiveCfg = Release|Win32
		{9C193195-A0E4-41D6-9EFB-586156352D6F}.Release|x64.ActiveCfg = Release|x64
		{9C193195-A0E4-41D6-9EFB-586156352D6F}.Release|x64.Build.0 = Release|x64
		{9C193195-A0E4-41D6-9EFB-586156352D6F}.Release|x86.ActiveCfg = Release|Win32
		{9C193195-A0E4-41D6-9EFB-586156352D6F}.Release|x86.Build.0 = Release|Win32
		{C92FD18A-6567-4C64-8BA6-A8B6D8F70363}.Debug|Any CPU.ActiveCfg = Debug|Win32
		{C92FD18A-6567-4C64-8BA6-A8B6D8F70363}.Debug|ARM.ActiveCfg = Debug|Win32
		{C92FD18A-6567-4C64-8BA6-A8B6D8F70363}.Debug|ARM64.ActiveCfg = Debug|Win32
		{C92FD18A-6567-4C64-8BA6-A8B6D8F70363}.Debug|x64.ActiveCfg = Debug|x64
		{C92FD18A-6567-4C64-8BA6-A8B6D8F70363}.Debug|x64.Build.0 = Debug|x64
		{C92FD18A-6567-4C64-8BA6-A8B6D8F70363}.Debug|x86.ActiveCfg = Debug|Win32
		{C92FD18A-6567-4C64-8BA6-A8B6D8F70363}.Debug|x86.Build.0 = Debug|Win32
		{C92FD18A-6567-4C64-8BA6-A8B6D8F70363}.Release|Any CPU.ActiveCfg = Release|Win32
		{C92FD18A-6567-4C64-8BA6-A8B6D8F70363}.Release|ARM.ActiveCfg = Release|Win32
		{C92FD18A-6567-4C64-8BA6-A8B6D8F70363}.Release|ARM64.ActiveCfg = Release|Win32
		{C92FD18A-6567-4C64-8BA6-A8B6D8F70363}.Release|x64.ActiveCfg = Release|x64
		{C92FD18A-6567-4C64-8BA6-A8B6D8F70363}.Release|x64.Build.0 = Release|x64
		{C92FD18A-6567-4C64-8BA6-A8B6D8F70363}.Release|x86.ActiveCfg = Release|Win32
		{C92FD18A-6567-4C64-8BA6-A8B6D8F70363}.Release|x86.Build.0 = Release|Win32
		{4F3ECB8A-A565-4B3B-89AC-D887F49C783B}.Debug|Any CPU.ActiveCfg = Debug|Win32
		{4F3ECB8A-A565-4B3B-89AC-D887F49C783B}.Debug|ARM.ActiveCfg = Debug|Win32
		{4F3ECB8A-A565-4B3B-89AC-D887F49C783B}.Debug|ARM64.ActiveCfg = Debug|Win32
		{4F3ECB8A-A565-4B3B-89AC-D887F49C783B}.Debug|x64.ActiveCfg = Debug|x64
		{4F3ECB8A-A565-4B3B-89AC-D887F49C783B}.Debug|x64.Build.0 = Debug|x64
		{4F3ECB8A-A565-4B3B-89AC-D887F49C783B}.Debug|x86.ActiveCfg = Debug|Win32
		{4F3ECB8A-A565-4B3B-89AC-D887F49C783B}.Debug|x86.Build.0 = Debug|Win32
		{4F3ECB8A-A565-4B3B-89AC-D887F49C783B}.Release|Any CPU.ActiveCfg = Release|Win32
		{4F3ECB8A-A565-4B3B-89AC-D887F49C783B}.Release|ARM.ActiveCfg = Release|Win32
		{4F3ECB8A-A565-4B3B-89AC-D887F49C783B}.Release|ARM64.ActiveCfg = Release|Win32
		{4F3ECB8A-A565-4B3B-89AC-D887F49C783B}.Release|x64.ActiveCfg = Release|x64
		{4F3ECB8A-A565-4B3B-89AC-D887F49C783B}.Release|x64.Build.0 = Release|x64
		{4F3ECB8A-A565-4B3B-89AC-D887F49C783B}.Release|x86.ActiveCfg = Release|Win32
		{4F3ECB8A-A565-4B3B-89AC-D887F49C783B}.Release|x86.Build.0 = Release|Win32
		{1854FFF8-92FF-4408-8436-44F704443EB2}.Debug|Any CPU.ActiveCfg = Debug|Win32
		{1854FFF8-92FF-4408-8436-44F704443EB2}.Debug|ARM.ActiveCfg = Debug|Win32
		{1854FFF8-92FF-4408-8436-44F704443EB2}.Debug|ARM64.ActiveCfg = Debug|Win32
		{1854FFF8-92FF-4408-8436-44F704443EB2}.Debug|x64.ActiveCfg = Debug|x64
		{1854FFF8-92FF-4408-8436-44F704443EB2}.Debug|x64.Build.0 = Debug|x64
		{1854FFF8-92FF-4408-8436-44F704443EB2}.Debug|x86.ActiveCfg = Debug|Win32
		{1854FFF8-92FF-4408-8436-44F704443EB2}.Debug|x86.Build.0 = Debug|Win32
		{1854FFF8-92FF-4408-8436-44F704443EB2}.Release|Any CPU.ActiveCfg = Release|Win32
		{1854FFF8-92FF-4408-8436-44F704443EB2}.Release|ARM.ActiveCfg = Release|Win32
		{1854FFF8-92FF-4408-8436-44F704443EB2}.Release|ARM64.ActiveCfg = Release|Win32
		{1854FFF8-92FF-4408-8436-44F704443EB2}.Release|x64.ActiveCfg = Release|x64
		{1854FFF8-92FF-4408-8436-44F704443EB2}.Release|x64.Build.0 = Release|x64
		{1854FFF8-92FF-4408-8436-44F704443EB2}.Release|x86.ActiveCfg = Release|Win32
		{1854FFF8-92FF-4408-8436-44F704443EB2}.Release|x86.Build.0 = Release|Win32
		{8E597895-DAB1-4ED0-A934-E6173DAA636F}.Debug|Any CPU.ActiveCfg = Debug|Win32
		{8E597895-DAB1-4ED0-A934-E6173DAA636F}.Debug|ARM.ActiveCfg = Debug|Win32
		{8E597895-DAB1-4ED0-A934-E6173DAA636F}.Debug|ARM64.ActiveCfg = Debug|Win32
		{8E597895-DAB1-4ED0-A934-E6173DAA636F}.Debug|x64.ActiveCfg = Debug|x64
		{8E597895-DAB1-4ED0-A934-E6173DAA636F}.Debug|x64.Build.0 = Debug|x64
		{8E597895-DAB1-4ED0-A934-E6173DAA636F}.Debug|x86.ActiveCfg = Debug|Win32
		{8E597895-DAB1-4ED0-A934-E6173DAA636F}.Debug|x86.Build.0 = Debug|Win32
		{8E597895-DAB1-4ED0-A934-E6173DAA636F}.Release|Any CPU.ActiveCfg = Release|Win32
		{8E597895-DAB1-4ED0-A934-E6173DAA636F}.Release|ARM.ActiveCfg = Release|Win32
		{8E597895-DAB1-4ED0-A934-E6173DAA636F}.Release|ARM64.ActiveCfg = Release|Win32
		{8E597895-DAB1-4ED0-A934-E6173DAA636F}.Release|x64.ActiveCfg = Release|x64
		{8E597895-DAB1-4ED0-A934-E6173DAA636F}.Release|x64.Build.0 = Release|x64
		{8E597895-DAB1-4ED0-A934-E6173DAA636F}.Release|x86.ActiveCfg = Release|Win32
		{8E597895-DAB1-4ED0-A934-E6173DAA636F}.Release|x86.Build.0 = Release|Win32
	EndGlobalSection
	GlobalSection(SolutionProperties) = preSolution
		HideSolutionNode = FALSE
	EndGlobalSection
	GlobalSection(ExtensibilityGlobals) = postSolution
		SolutionGuid = {B9794B9F-A181-4B71-AC56-DE30D58B6276}
	EndGlobalSection
EndGlobal
